<?xml version="1.0" encoding="UTF-8"?>
<CodeBlocks_project_file>
	<FileVersion major="1" minor="6"/>
	<Project>
		<Option title="ccn-lite-utils"/>
		<Option makefile_is_custom="1"/>
		<Option compiler="gcc"/>
		<Option virtualFolders="CMake Files\;CMake Files\ccnl-core\;CMake Files\ccnl-pkt\;CMake Files\ccnl-fwd\;CMake Files\ccnl-unix\;CMake Files\ccnl-relay\;CMake Files\ccnl-utils\;CMake Files\ccnl-nfn\;"/>
		<Build>
			<Target title="all">
				<Option working_dir="/home/johannes/MA-Ali/ccn-lite/src/ccnl-utils"/>
				<Option type="4"/>
				<MakeCommands>
					<Build command="/usr/bin/make -f &quot;/home/johannes/MA-Ali/ccn-lite/src/ccnl-utils/Makefile&quot;  VERBOSE=1 all"/>
					<CompileFile command="/usr/bin/make -f &quot;/home/johannes/MA-Ali/ccn-lite/src/ccnl-utils/Makefile&quot;  VERBOSE=1 &quot;$file&quot;"/>
					<Clean command="/usr/bin/make -f &quot;/home/johannes/MA-Ali/ccn-lite/src/ccnl-utils/Makefile&quot;  VERBOSE=1 clean"/>
					<DistClean command="/usr/bin/make -f &quot;/home/johannes/MA-Ali/ccn-lite/src/ccnl-utils/Makefile&quot;  VERBOSE=1 clean"/>
				</MakeCommands>
			</Target>
			<Target title="ccn-lite-fetch">
				<Option output="/home/johannes/MA-Ali/ccn-lite/src/bin/ccn-lite-fetch" prefix_auto="0" extension_auto="0"/>
				<Option working_dir="/home/johannes/MA-Ali/ccn-lite/src/ccnl-utils/../bin"/>
				<Option object_output="./"/>
				<Option type="1"/>
				<Option compiler="gcc"/>
				<Compiler>
					<Add option="-DUSE_DEBUG"/>
					<Add option="-DUSE_LOGGING"/>
					<Add option="-DUSE_DUP_CHECK"/>
					<Add option="-DUSE_HMAC256"/>
					<Add option="-DUSE_STATS"/>
					<Add option="-DNEEDS_PACKET_CRAFTING"/>
					<Add option="-DNEEDS_PREFIX_MATCHING"/>
					<Add option="-DUSE_LINKLAYER"/>
					<Add option="-DUSE_CCNxDIGEST"/>
					<Add option="-DUSE_MGMT"/>
					<Add option="-DUSE_UNIXSOCKET"/>
					<Add option="-DUSE_IPV4"/>
					<Add option="-DUSE_IPV6"/>
					<Add option="-DUSE_DEBUG_MALLOC"/>
					<Add option="-DUSE_HTTP_STATUS"/>
					<Add option="-DCCNL_UNIX"/>
					<Add option="-DUSE_SUITE_NDNTLV"/>
					<Add option="-DUSE_SUITE_CCNB"/>
					<Add option="-DUSE_SUITE_CCNTLV"/>
					<Add option="-DUSE_SUITE_LOCALRPC"/>
					<Add option="-DUSE_NFN"/>
					<Add option="-DUSE_NFN_REQUESTS"/>
					<Add directory="/home/johannes/MA-Ali/ccn-lite/src/ccnl-utils/include"/>
					<Add directory="/home/johannes/MA-Ali/ccn-lite/src/ccnl-utils/../ccnl-pkt/include"/>
					<Add directory="/home/johannes/MA-Ali/ccn-lite/src/ccnl-utils/../ccnl-fwd/include"/>
					<Add directory="/home/johannes/MA-Ali/ccn-lite/src/ccnl-utils/../ccnl-core/include"/>
					<Add directory="/home/johannes/MA-Ali/ccn-lite/src/ccnl-utils/../ccnl-unix/include"/>
					<Add directory="/home/johannes/MA-Ali/ccn-lite/src/ccnl-utils/../ccnl-nfn/include"/>
				</Compiler>
				<MakeCommands>
					<Build command="/usr/bin/make -f &quot;/home/johannes/MA-Ali/ccn-lite/src/ccnl-utils/Makefile&quot;  VERBOSE=1 ccn-lite-fetch"/>
					<CompileFile command="/usr/bin/make -f &quot;/home/johannes/MA-Ali/ccn-lite/src/ccnl-utils/Makefile&quot;  VERBOSE=1 &quot;$file&quot;"/>
					<Clean command="/usr/bin/make -f &quot;/home/johannes/MA-Ali/ccn-lite/src/ccnl-utils/Makefile&quot;  VERBOSE=1 clean"/>
					<DistClean command="/usr/bin/make -f &quot;/home/johannes/MA-Ali/ccn-lite/src/ccnl-utils/Makefile&quot;  VERBOSE=1 clean"/>
				</MakeCommands>
			</Target>
			<Target title="ccn-lite-fetch/fast">
				<Option output="/home/johannes/MA-Ali/ccn-lite/src/bin/ccn-lite-fetch" prefix_auto="0" extension_auto="0"/>
				<Option working_dir="/home/johannes/MA-Ali/ccn-lite/src/ccnl-utils/../bin"/>
				<Option object_output="./"/>
				<Option type="1"/>
				<Option compiler="gcc"/>
				<Compiler>
					<Add option="-DUSE_DEBUG"/>
					<Add option="-DUSE_LOGGING"/>
					<Add option="-DUSE_DUP_CHECK"/>
					<Add option="-DUSE_HMAC256"/>
					<Add option="-DUSE_STATS"/>
					<Add option="-DNEEDS_PACKET_CRAFTING"/>
					<Add option="-DNEEDS_PREFIX_MATCHING"/>
					<Add option="-DUSE_LINKLAYER"/>
					<Add option="-DUSE_CCNxDIGEST"/>
					<Add option="-DUSE_MGMT"/>
					<Add option="-DUSE_UNIXSOCKET"/>
					<Add option="-DUSE_IPV4"/>
					<Add option="-DUSE_IPV6"/>
					<Add option="-DUSE_DEBUG_MALLOC"/>
					<Add option="-DUSE_HTTP_STATUS"/>
					<Add option="-DCCNL_UNIX"/>
					<Add option="-DUSE_SUITE_NDNTLV"/>
					<Add option="-DUSE_SUITE_CCNB"/>
					<Add option="-DUSE_SUITE_CCNTLV"/>
					<Add option="-DUSE_SUITE_LOCALRPC"/>
					<Add option="-DUSE_NFN"/>
					<Add option="-DUSE_NFN_REQUESTS"/>
					<Add directory="/home/johannes/MA-Ali/ccn-lite/src/ccnl-utils/include"/>
					<Add directory="/home/johannes/MA-Ali/ccn-lite/src/ccnl-utils/../ccnl-pkt/include"/>
					<Add directory="/home/johannes/MA-Ali/ccn-lite/src/ccnl-utils/../ccnl-fwd/include"/>
					<Add directory="/home/johannes/MA-Ali/ccn-lite/src/ccnl-utils/../ccnl-core/include"/>
					<Add directory="/home/johannes/MA-Ali/ccn-lite/src/ccnl-utils/../ccnl-unix/include"/>
					<Add directory="/home/johannes/MA-Ali/ccn-lite/src/ccnl-utils/../ccnl-nfn/include"/>
				</Compiler>
				<MakeCommands>
					<Build command="/usr/bin/make -f &quot;/home/johannes/MA-Ali/ccn-lite/src/ccnl-utils/Makefile&quot;  VERBOSE=1 ccn-lite-fetch/fast"/>
					<CompileFile command="/usr/bin/make -f &quot;/home/johannes/MA-Ali/ccn-lite/src/ccnl-utils/Makefile&quot;  VERBOSE=1 &quot;$file&quot;"/>
					<Clean command="/usr/bin/make -f &quot;/home/johannes/MA-Ali/ccn-lite/src/ccnl-utils/Makefile&quot;  VERBOSE=1 clean"/>
					<DistClean command="/usr/bin/make -f &quot;/home/johannes/MA-Ali/ccn-lite/src/ccnl-utils/Makefile&quot;  VERBOSE=1 clean"/>
				</MakeCommands>
			</Target>
			<Target title="ccn-lite-cryptoserver">
				<Option output="/home/johannes/MA-Ali/ccn-lite/src/bin/ccn-lite-cryptoserver" prefix_auto="0" extension_auto="0"/>
				<Option working_dir="/home/johannes/MA-Ali/ccn-lite/src/ccnl-utils/../bin"/>
				<Option object_output="./"/>
				<Option type="1"/>
				<Option compiler="gcc"/>
				<Compiler>
					<Add option="-DUSE_DEBUG"/>
					<Add option="-DUSE_LOGGING"/>
					<Add option="-DUSE_DUP_CHECK"/>
					<Add option="-DUSE_HMAC256"/>
					<Add option="-DUSE_STATS"/>
					<Add option="-DNEEDS_PACKET_CRAFTING"/>
					<Add option="-DNEEDS_PREFIX_MATCHING"/>
					<Add option="-DUSE_LINKLAYER"/>
					<Add option="-DUSE_CCNxDIGEST"/>
					<Add option="-DUSE_MGMT"/>
					<Add option="-DUSE_UNIXSOCKET"/>
					<Add option="-DUSE_IPV4"/>
					<Add option="-DUSE_IPV6"/>
					<Add option="-DUSE_DEBUG_MALLOC"/>
					<Add option="-DUSE_HTTP_STATUS"/>
					<Add option="-DCCNL_UNIX"/>
					<Add option="-DUSE_SUITE_NDNTLV"/>
					<Add option="-DUSE_SUITE_CCNB"/>
					<Add option="-DUSE_SUITE_CCNTLV"/>
					<Add option="-DUSE_SUITE_LOCALRPC"/>
					<Add option="-DUSE_NFN"/>
					<Add option="-DUSE_NFN_REQUESTS"/>
					<Add directory="/home/johannes/MA-Ali/ccn-lite/src/ccnl-utils/include"/>
					<Add directory="/home/johannes/MA-Ali/ccn-lite/src/ccnl-utils/../ccnl-pkt/include"/>
					<Add directory="/home/johannes/MA-Ali/ccn-lite/src/ccnl-utils/../ccnl-fwd/include"/>
					<Add directory="/home/johannes/MA-Ali/ccn-lite/src/ccnl-utils/../ccnl-core/include"/>
					<Add directory="/home/johannes/MA-Ali/ccn-lite/src/ccnl-utils/../ccnl-unix/include"/>
					<Add directory="/home/johannes/MA-Ali/ccn-lite/src/ccnl-utils/../ccnl-nfn/include"/>
				</Compiler>
				<MakeCommands>
					<Build command="/usr/bin/make -f &quot;/home/johannes/MA-Ali/ccn-lite/src/ccnl-utils/Makefile&quot;  VERBOSE=1 ccn-lite-cryptoserver"/>
					<CompileFile command="/usr/bin/make -f &quot;/home/johannes/MA-Ali/ccn-lite/src/ccnl-utils/Makefile&quot;  VERBOSE=1 &quot;$file&quot;"/>
					<Clean command="/usr/bin/make -f &quot;/home/johannes/MA-Ali/ccn-lite/src/ccnl-utils/Makefile&quot;  VERBOSE=1 clean"/>
					<DistClean command="/usr/bin/make -f &quot;/home/johannes/MA-Ali/ccn-lite/src/ccnl-utils/Makefile&quot;  VERBOSE=1 clean"/>
				</MakeCommands>
			</Target>
			<Target title="ccn-lite-cryptoserver/fast">
				<Option output="/home/johannes/MA-Ali/ccn-lite/src/bin/ccn-lite-cryptoserver" prefix_auto="0" extension_auto="0"/>
				<Option working_dir="/home/johannes/MA-Ali/ccn-lite/src/ccnl-utils/../bin"/>
				<Option object_output="./"/>
				<Option type="1"/>
				<Option compiler="gcc"/>
				<Compiler>
					<Add option="-DUSE_DEBUG"/>
					<Add option="-DUSE_LOGGING"/>
					<Add option="-DUSE_DUP_CHECK"/>
					<Add option="-DUSE_HMAC256"/>
					<Add option="-DUSE_STATS"/>
					<Add option="-DNEEDS_PACKET_CRAFTING"/>
					<Add option="-DNEEDS_PREFIX_MATCHING"/>
					<Add option="-DUSE_LINKLAYER"/>
					<Add option="-DUSE_CCNxDIGEST"/>
					<Add option="-DUSE_MGMT"/>
					<Add option="-DUSE_UNIXSOCKET"/>
					<Add option="-DUSE_IPV4"/>
					<Add option="-DUSE_IPV6"/>
					<Add option="-DUSE_DEBUG_MALLOC"/>
					<Add option="-DUSE_HTTP_STATUS"/>
					<Add option="-DCCNL_UNIX"/>
					<Add option="-DUSE_SUITE_NDNTLV"/>
					<Add option="-DUSE_SUITE_CCNB"/>
					<Add option="-DUSE_SUITE_CCNTLV"/>
					<Add option="-DUSE_SUITE_LOCALRPC"/>
					<Add option="-DUSE_NFN"/>
					<Add option="-DUSE_NFN_REQUESTS"/>
					<Add directory="/home/johannes/MA-Ali/ccn-lite/src/ccnl-utils/include"/>
					<Add directory="/home/johannes/MA-Ali/ccn-lite/src/ccnl-utils/../ccnl-pkt/include"/>
					<Add directory="/home/johannes/MA-Ali/ccn-lite/src/ccnl-utils/../ccnl-fwd/include"/>
					<Add directory="/home/johannes/MA-Ali/ccn-lite/src/ccnl-utils/../ccnl-core/include"/>
					<Add directory="/home/johannes/MA-Ali/ccn-lite/src/ccnl-utils/../ccnl-unix/include"/>
					<Add directory="/home/johannes/MA-Ali/ccn-lite/src/ccnl-utils/../ccnl-nfn/include"/>
				</Compiler>
				<MakeCommands>
					<Build command="/usr/bin/make -f &quot;/home/johannes/MA-Ali/ccn-lite/src/ccnl-utils/Makefile&quot;  VERBOSE=1 ccn-lite-cryptoserver/fast"/>
					<CompileFile command="/usr/bin/make -f &quot;/home/johannes/MA-Ali/ccn-lite/src/ccnl-utils/Makefile&quot;  VERBOSE=1 &quot;$file&quot;"/>
					<Clean command="/usr/bin/make -f &quot;/home/johannes/MA-Ali/ccn-lite/src/ccnl-utils/Makefile&quot;  VERBOSE=1 clean"/>
					<DistClean command="/usr/bin/make -f &quot;/home/johannes/MA-Ali/ccn-lite/src/ccnl-utils/Makefile&quot;  VERBOSE=1 clean"/>
				</MakeCommands>
			</Target>
			<Target title="ccn-lite-ccnb2xml">
				<Option output="/home/johannes/MA-Ali/ccn-lite/src/bin/ccn-lite-ccnb2xml" prefix_auto="0" extension_auto="0"/>
				<Option working_dir="/home/johannes/MA-Ali/ccn-lite/src/ccnl-utils/../bin"/>
				<Option object_output="./"/>
				<Option type="1"/>
				<Option compiler="gcc"/>
				<Compiler>
					<Add option="-DUSE_DEBUG"/>
					<Add option="-DUSE_LOGGING"/>
					<Add option="-DUSE_DUP_CHECK"/>
					<Add option="-DUSE_HMAC256"/>
					<Add option="-DUSE_STATS"/>
					<Add option="-DNEEDS_PACKET_CRAFTING"/>
					<Add option="-DNEEDS_PREFIX_MATCHING"/>
					<Add option="-DUSE_LINKLAYER"/>
					<Add option="-DUSE_CCNxDIGEST"/>
					<Add option="-DUSE_MGMT"/>
					<Add option="-DUSE_UNIXSOCKET"/>
					<Add option="-DUSE_IPV4"/>
					<Add option="-DUSE_IPV6"/>
					<Add option="-DUSE_DEBUG_MALLOC"/>
					<Add option="-DUSE_HTTP_STATUS"/>
					<Add option="-DCCNL_UNIX"/>
					<Add option="-DUSE_SUITE_NDNTLV"/>
					<Add option="-DUSE_SUITE_CCNB"/>
					<Add option="-DUSE_SUITE_CCNTLV"/>
					<Add option="-DUSE_SUITE_LOCALRPC"/>
					<Add option="-DUSE_NFN"/>
					<Add option="-DUSE_NFN_REQUESTS"/>
					<Add directory="/home/johannes/MA-Ali/ccn-lite/src/ccnl-utils/include"/>
					<Add directory="/home/johannes/MA-Ali/ccn-lite/src/ccnl-utils/../ccnl-pkt/include"/>
					<Add directory="/home/johannes/MA-Ali/ccn-lite/src/ccnl-utils/../ccnl-fwd/include"/>
					<Add directory="/home/johannes/MA-Ali/ccn-lite/src/ccnl-utils/../ccnl-core/include"/>
					<Add directory="/home/johannes/MA-Ali/ccn-lite/src/ccnl-utils/../ccnl-unix/include"/>
					<Add directory="/home/johannes/MA-Ali/ccn-lite/src/ccnl-utils/../ccnl-nfn/include"/>
				</Compiler>
				<MakeCommands>
					<Build command="/usr/bin/make -f &quot;/home/johannes/MA-Ali/ccn-lite/src/ccnl-utils/Makefile&quot;  VERBOSE=1 ccn-lite-ccnb2xml"/>
					<CompileFile command="/usr/bin/make -f &quot;/home/johannes/MA-Ali/ccn-lite/src/ccnl-utils/Makefile&quot;  VERBOSE=1 &quot;$file&quot;"/>
					<Clean command="/usr/bin/make -f &quot;/home/johannes/MA-Ali/ccn-lite/src/ccnl-utils/Makefile&quot;  VERBOSE=1 clean"/>
					<DistClean command="/usr/bin/make -f &quot;/home/johannes/MA-Ali/ccn-lite/src/ccnl-utils/Makefile&quot;  VERBOSE=1 clean"/>
				</MakeCommands>
			</Target>
			<Target title="ccn-lite-ccnb2xml/fast">
				<Option output="/home/johannes/MA-Ali/ccn-lite/src/bin/ccn-lite-ccnb2xml" prefix_auto="0" extension_auto="0"/>
				<Option working_dir="/home/johannes/MA-Ali/ccn-lite/src/ccnl-utils/../bin"/>
				<Option object_output="./"/>
				<Option type="1"/>
				<Option compiler="gcc"/>
				<Compiler>
					<Add option="-DUSE_DEBUG"/>
					<Add option="-DUSE_LOGGING"/>
					<Add option="-DUSE_DUP_CHECK"/>
					<Add option="-DUSE_HMAC256"/>
					<Add option="-DUSE_STATS"/>
					<Add option="-DNEEDS_PACKET_CRAFTING"/>
					<Add option="-DNEEDS_PREFIX_MATCHING"/>
					<Add option="-DUSE_LINKLAYER"/>
					<Add option="-DUSE_CCNxDIGEST"/>
					<Add option="-DUSE_MGMT"/>
					<Add option="-DUSE_UNIXSOCKET"/>
					<Add option="-DUSE_IPV4"/>
					<Add option="-DUSE_IPV6"/>
					<Add option="-DUSE_DEBUG_MALLOC"/>
					<Add option="-DUSE_HTTP_STATUS"/>
					<Add option="-DCCNL_UNIX"/>
					<Add option="-DUSE_SUITE_NDNTLV"/>
					<Add option="-DUSE_SUITE_CCNB"/>
					<Add option="-DUSE_SUITE_CCNTLV"/>
					<Add option="-DUSE_SUITE_LOCALRPC"/>
					<Add option="-DUSE_NFN"/>
					<Add option="-DUSE_NFN_REQUESTS"/>
					<Add directory="/home/johannes/MA-Ali/ccn-lite/src/ccnl-utils/include"/>
					<Add directory="/home/johannes/MA-Ali/ccn-lite/src/ccnl-utils/../ccnl-pkt/include"/>
					<Add directory="/home/johannes/MA-Ali/ccn-lite/src/ccnl-utils/../ccnl-fwd/include"/>
					<Add directory="/home/johannes/MA-Ali/ccn-lite/src/ccnl-utils/../ccnl-core/include"/>
					<Add directory="/home/johannes/MA-Ali/ccn-lite/src/ccnl-utils/../ccnl-unix/include"/>
					<Add directory="/home/johannes/MA-Ali/ccn-lite/src/ccnl-utils/../ccnl-nfn/include"/>
				</Compiler>
				<MakeCommands>
					<Build command="/usr/bin/make -f &quot;/home/johannes/MA-Ali/ccn-lite/src/ccnl-utils/Makefile&quot;  VERBOSE=1 ccn-lite-ccnb2xml/fast"/>
					<CompileFile command="/usr/bin/make -f &quot;/home/johannes/MA-Ali/ccn-lite/src/ccnl-utils/Makefile&quot;  VERBOSE=1 &quot;$file&quot;"/>
					<Clean command="/usr/bin/make -f &quot;/home/johannes/MA-Ali/ccn-lite/src/ccnl-utils/Makefile&quot;  VERBOSE=1 clean"/>
					<DistClean command="/usr/bin/make -f &quot;/home/johannes/MA-Ali/ccn-lite/src/ccnl-utils/Makefile&quot;  VERBOSE=1 clean"/>
				</MakeCommands>
			</Target>
			<Target title="ccn-lite-peek">
				<Option output="/home/johannes/MA-Ali/ccn-lite/src/bin/ccn-lite-peek" prefix_auto="0" extension_auto="0"/>
				<Option working_dir="/home/johannes/MA-Ali/ccn-lite/src/ccnl-utils/../bin"/>
				<Option object_output="./"/>
				<Option type="1"/>
				<Option compiler="gcc"/>
				<Compiler>
					<Add option="-DUSE_DEBUG"/>
					<Add option="-DUSE_LOGGING"/>
					<Add option="-DUSE_DUP_CHECK"/>
					<Add option="-DUSE_HMAC256"/>
					<Add option="-DUSE_STATS"/>
					<Add option="-DNEEDS_PACKET_CRAFTING"/>
					<Add option="-DNEEDS_PREFIX_MATCHING"/>
					<Add option="-DUSE_LINKLAYER"/>
					<Add option="-DUSE_CCNxDIGEST"/>
					<Add option="-DUSE_MGMT"/>
					<Add option="-DUSE_UNIXSOCKET"/>
					<Add option="-DUSE_IPV4"/>
					<Add option="-DUSE_IPV6"/>
					<Add option="-DUSE_DEBUG_MALLOC"/>
					<Add option="-DUSE_HTTP_STATUS"/>
					<Add option="-DCCNL_UNIX"/>
					<Add option="-DUSE_SUITE_NDNTLV"/>
					<Add option="-DUSE_SUITE_CCNB"/>
					<Add option="-DUSE_SUITE_CCNTLV"/>
					<Add option="-DUSE_SUITE_LOCALRPC"/>
					<Add option="-DUSE_NFN"/>
					<Add option="-DUSE_NFN_REQUESTS"/>
					<Add directory="/home/johannes/MA-Ali/ccn-lite/src/ccnl-utils/include"/>
					<Add directory="/home/johannes/MA-Ali/ccn-lite/src/ccnl-utils/../ccnl-pkt/include"/>
					<Add directory="/home/johannes/MA-Ali/ccn-lite/src/ccnl-utils/../ccnl-fwd/include"/>
					<Add directory="/home/johannes/MA-Ali/ccn-lite/src/ccnl-utils/../ccnl-core/include"/>
					<Add directory="/home/johannes/MA-Ali/ccn-lite/src/ccnl-utils/../ccnl-unix/include"/>
					<Add directory="/home/johannes/MA-Ali/ccn-lite/src/ccnl-utils/../ccnl-nfn/include"/>
				</Compiler>
				<MakeCommands>
					<Build command="/usr/bin/make -f &quot;/home/johannes/MA-Ali/ccn-lite/src/ccnl-utils/Makefile&quot;  VERBOSE=1 ccn-lite-peek"/>
					<CompileFile command="/usr/bin/make -f &quot;/home/johannes/MA-Ali/ccn-lite/src/ccnl-utils/Makefile&quot;  VERBOSE=1 &quot;$file&quot;"/>
					<Clean command="/usr/bin/make -f &quot;/home/johannes/MA-Ali/ccn-lite/src/ccnl-utils/Makefile&quot;  VERBOSE=1 clean"/>
					<DistClean command="/usr/bin/make -f &quot;/home/johannes/MA-Ali/ccn-lite/src/ccnl-utils/Makefile&quot;  VERBOSE=1 clean"/>
				</MakeCommands>
			</Target>
			<Target title="ccn-lite-peek/fast">
				<Option output="/home/johannes/MA-Ali/ccn-lite/src/bin/ccn-lite-peek" prefix_auto="0" extension_auto="0"/>
				<Option working_dir="/home/johannes/MA-Ali/ccn-lite/src/ccnl-utils/../bin"/>
				<Option object_output="./"/>
				<Option type="1"/>
				<Option compiler="gcc"/>
				<Compiler>
					<Add option="-DUSE_DEBUG"/>
					<Add option="-DUSE_LOGGING"/>
					<Add option="-DUSE_DUP_CHECK"/>
					<Add option="-DUSE_HMAC256"/>
					<Add option="-DUSE_STATS"/>
					<Add option="-DNEEDS_PACKET_CRAFTING"/>
					<Add option="-DNEEDS_PREFIX_MATCHING"/>
					<Add option="-DUSE_LINKLAYER"/>
					<Add option="-DUSE_CCNxDIGEST"/>
					<Add option="-DUSE_MGMT"/>
					<Add option="-DUSE_UNIXSOCKET"/>
					<Add option="-DUSE_IPV4"/>
					<Add option="-DUSE_IPV6"/>
					<Add option="-DUSE_DEBUG_MALLOC"/>
					<Add option="-DUSE_HTTP_STATUS"/>
					<Add option="-DCCNL_UNIX"/>
					<Add option="-DUSE_SUITE_NDNTLV"/>
					<Add option="-DUSE_SUITE_CCNB"/>
					<Add option="-DUSE_SUITE_CCNTLV"/>
					<Add option="-DUSE_SUITE_LOCALRPC"/>
					<Add option="-DUSE_NFN"/>
					<Add option="-DUSE_NFN_REQUESTS"/>
					<Add directory="/home/johannes/MA-Ali/ccn-lite/src/ccnl-utils/include"/>
					<Add directory="/home/johannes/MA-Ali/ccn-lite/src/ccnl-utils/../ccnl-pkt/include"/>
					<Add directory="/home/johannes/MA-Ali/ccn-lite/src/ccnl-utils/../ccnl-fwd/include"/>
					<Add directory="/home/johannes/MA-Ali/ccn-lite/src/ccnl-utils/../ccnl-core/include"/>
					<Add directory="/home/johannes/MA-Ali/ccn-lite/src/ccnl-utils/../ccnl-unix/include"/>
					<Add directory="/home/johannes/MA-Ali/ccn-lite/src/ccnl-utils/../ccnl-nfn/include"/>
				</Compiler>
				<MakeCommands>
					<Build command="/usr/bin/make -f &quot;/home/johannes/MA-Ali/ccn-lite/src/ccnl-utils/Makefile&quot;  VERBOSE=1 ccn-lite-peek/fast"/>
					<CompileFile command="/usr/bin/make -f &quot;/home/johannes/MA-Ali/ccn-lite/src/ccnl-utils/Makefile&quot;  VERBOSE=1 &quot;$file&quot;"/>
					<Clean command="/usr/bin/make -f &quot;/home/johannes/MA-Ali/ccn-lite/src/ccnl-utils/Makefile&quot;  VERBOSE=1 clean"/>
					<DistClean command="/usr/bin/make -f &quot;/home/johannes/MA-Ali/ccn-lite/src/ccnl-utils/Makefile&quot;  VERBOSE=1 clean"/>
				</MakeCommands>
			</Target>
			<Target title="common">
				<Option output="/home/johannes/MA-Ali/ccn-lite/src/ccnl-utils/libcommon.a" prefix_auto="0" extension_auto="0"/>
				<Option working_dir="/home/johannes/MA-Ali/ccn-lite/src/ccnl-utils"/>
				<Option object_output="./"/>
				<Option type="2"/>
				<Option compiler="gcc"/>
				<Compiler>
					<Add option="-DUSE_DEBUG"/>
					<Add option="-DUSE_LOGGING"/>
					<Add option="-DUSE_DUP_CHECK"/>
					<Add option="-DUSE_HMAC256"/>
					<Add option="-DUSE_STATS"/>
					<Add option="-DNEEDS_PACKET_CRAFTING"/>
					<Add option="-DNEEDS_PREFIX_MATCHING"/>
					<Add option="-DUSE_LINKLAYER"/>
					<Add option="-DUSE_CCNxDIGEST"/>
					<Add option="-DUSE_MGMT"/>
					<Add option="-DUSE_UNIXSOCKET"/>
					<Add option="-DUSE_IPV4"/>
					<Add option="-DUSE_IPV6"/>
					<Add option="-DUSE_DEBUG_MALLOC"/>
					<Add option="-DUSE_HTTP_STATUS"/>
					<Add option="-DCCNL_UNIX"/>
					<Add option="-DUSE_SUITE_NDNTLV"/>
					<Add option="-DUSE_SUITE_CCNB"/>
					<Add option="-DUSE_SUITE_CCNTLV"/>
					<Add option="-DUSE_SUITE_LOCALRPC"/>
					<Add option="-DUSE_NFN"/>
					<Add option="-DUSE_NFN_REQUESTS"/>
					<Add directory="/home/johannes/MA-Ali/ccn-lite/src/ccnl-utils/include"/>
					<Add directory="/home/johannes/MA-Ali/ccn-lite/src/ccnl-utils/../ccnl-pkt/include"/>
					<Add directory="/home/johannes/MA-Ali/ccn-lite/src/ccnl-utils/../ccnl-fwd/include"/>
					<Add directory="/home/johannes/MA-Ali/ccn-lite/src/ccnl-utils/../ccnl-core/include"/>
					<Add directory="/home/johannes/MA-Ali/ccn-lite/src/ccnl-utils/../ccnl-unix/include"/>
					<Add directory="/home/johannes/MA-Ali/ccn-lite/src/ccnl-utils/../ccnl-nfn/include"/>
				</Compiler>
				<MakeCommands>
					<Build command="/usr/bin/make -f &quot;/home/johannes/MA-Ali/ccn-lite/src/ccnl-utils/Makefile&quot;  VERBOSE=1 common"/>
					<CompileFile command="/usr/bin/make -f &quot;/home/johannes/MA-Ali/ccn-lite/src/ccnl-utils/Makefile&quot;  VERBOSE=1 &quot;$file&quot;"/>
					<Clean command="/usr/bin/make -f &quot;/home/johannes/MA-Ali/ccn-lite/src/ccnl-utils/Makefile&quot;  VERBOSE=1 clean"/>
					<DistClean command="/usr/bin/make -f &quot;/home/johannes/MA-Ali/ccn-lite/src/ccnl-utils/Makefile&quot;  VERBOSE=1 clean"/>
				</MakeCommands>
			</Target>
			<Target title="common/fast">
				<Option output="/home/johannes/MA-Ali/ccn-lite/src/ccnl-utils/libcommon.a" prefix_auto="0" extension_auto="0"/>
				<Option working_dir="/home/johannes/MA-Ali/ccn-lite/src/ccnl-utils"/>
				<Option object_output="./"/>
				<Option type="2"/>
				<Option compiler="gcc"/>
				<Compiler>
					<Add option="-DUSE_DEBUG"/>
					<Add option="-DUSE_LOGGING"/>
					<Add option="-DUSE_DUP_CHECK"/>
					<Add option="-DUSE_HMAC256"/>
					<Add option="-DUSE_STATS"/>
					<Add option="-DNEEDS_PACKET_CRAFTING"/>
					<Add option="-DNEEDS_PREFIX_MATCHING"/>
					<Add option="-DUSE_LINKLAYER"/>
					<Add option="-DUSE_CCNxDIGEST"/>
					<Add option="-DUSE_MGMT"/>
					<Add option="-DUSE_UNIXSOCKET"/>
					<Add option="-DUSE_IPV4"/>
					<Add option="-DUSE_IPV6"/>
					<Add option="-DUSE_DEBUG_MALLOC"/>
					<Add option="-DUSE_HTTP_STATUS"/>
					<Add option="-DCCNL_UNIX"/>
					<Add option="-DUSE_SUITE_NDNTLV"/>
					<Add option="-DUSE_SUITE_CCNB"/>
					<Add option="-DUSE_SUITE_CCNTLV"/>
					<Add option="-DUSE_SUITE_LOCALRPC"/>
					<Add option="-DUSE_NFN"/>
					<Add option="-DUSE_NFN_REQUESTS"/>
					<Add directory="/home/johannes/MA-Ali/ccn-lite/src/ccnl-utils/include"/>
					<Add directory="/home/johannes/MA-Ali/ccn-lite/src/ccnl-utils/../ccnl-pkt/include"/>
					<Add directory="/home/johannes/MA-Ali/ccn-lite/src/ccnl-utils/../ccnl-fwd/include"/>
					<Add directory="/home/johannes/MA-Ali/ccn-lite/src/ccnl-utils/../ccnl-core/include"/>
					<Add directory="/home/johannes/MA-Ali/ccn-lite/src/ccnl-utils/../ccnl-unix/include"/>
					<Add directory="/home/johannes/MA-Ali/ccn-lite/src/ccnl-utils/../ccnl-nfn/include"/>
				</Compiler>
				<MakeCommands>
					<Build command="/usr/bin/make -f &quot;/home/johannes/MA-Ali/ccn-lite/src/ccnl-utils/Makefile&quot;  VERBOSE=1 common/fast"/>
					<CompileFile command="/usr/bin/make -f &quot;/home/johannes/MA-Ali/ccn-lite/src/ccnl-utils/Makefile&quot;  VERBOSE=1 &quot;$file&quot;"/>
					<Clean command="/usr/bin/make -f &quot;/home/johannes/MA-Ali/ccn-lite/src/ccnl-utils/Makefile&quot;  VERBOSE=1 clean"/>
					<DistClean command="/usr/bin/make -f &quot;/home/johannes/MA-Ali/ccn-lite/src/ccnl-utils/Makefile&quot;  VERBOSE=1 clean"/>
				</MakeCommands>
			</Target>
			<Target title="ccn-lite-ctrl">
				<Option output="/home/johannes/MA-Ali/ccn-lite/src/bin/ccn-lite-ctrl" prefix_auto="0" extension_auto="0"/>
				<Option working_dir="/home/johannes/MA-Ali/ccn-lite/src/ccnl-utils/../bin"/>
				<Option object_output="./"/>
				<Option type="1"/>
				<Option compiler="gcc"/>
				<Compiler>
					<Add option="-DUSE_DEBUG"/>
					<Add option="-DUSE_LOGGING"/>
					<Add option="-DUSE_DUP_CHECK"/>
					<Add option="-DUSE_HMAC256"/>
					<Add option="-DUSE_STATS"/>
					<Add option="-DNEEDS_PACKET_CRAFTING"/>
					<Add option="-DNEEDS_PREFIX_MATCHING"/>
					<Add option="-DUSE_LINKLAYER"/>
					<Add option="-DUSE_CCNxDIGEST"/>
					<Add option="-DUSE_MGMT"/>
					<Add option="-DUSE_UNIXSOCKET"/>
					<Add option="-DUSE_IPV4"/>
					<Add option="-DUSE_IPV6"/>
					<Add option="-DUSE_DEBUG_MALLOC"/>
					<Add option="-DUSE_HTTP_STATUS"/>
					<Add option="-DCCNL_UNIX"/>
					<Add option="-DUSE_SUITE_NDNTLV"/>
					<Add option="-DUSE_SUITE_CCNB"/>
					<Add option="-DUSE_SUITE_CCNTLV"/>
					<Add option="-DUSE_SUITE_LOCALRPC"/>
					<Add option="-DUSE_NFN"/>
					<Add option="-DUSE_NFN_REQUESTS"/>
					<Add directory="/home/johannes/MA-Ali/ccn-lite/src/ccnl-utils/include"/>
					<Add directory="/home/johannes/MA-Ali/ccn-lite/src/ccnl-utils/../ccnl-pkt/include"/>
					<Add directory="/home/johannes/MA-Ali/ccn-lite/src/ccnl-utils/../ccnl-fwd/include"/>
					<Add directory="/home/johannes/MA-Ali/ccn-lite/src/ccnl-utils/../ccnl-core/include"/>
					<Add directory="/home/johannes/MA-Ali/ccn-lite/src/ccnl-utils/../ccnl-unix/include"/>
					<Add directory="/home/johannes/MA-Ali/ccn-lite/src/ccnl-utils/../ccnl-nfn/include"/>
				</Compiler>
				<MakeCommands>
					<Build command="/usr/bin/make -f &quot;/home/johannes/MA-Ali/ccn-lite/src/ccnl-utils/Makefile&quot;  VERBOSE=1 ccn-lite-ctrl"/>
					<CompileFile command="/usr/bin/make -f &quot;/home/johannes/MA-Ali/ccn-lite/src/ccnl-utils/Makefile&quot;  VERBOSE=1 &quot;$file&quot;"/>
					<Clean command="/usr/bin/make -f &quot;/home/johannes/MA-Ali/ccn-lite/src/ccnl-utils/Makefile&quot;  VERBOSE=1 clean"/>
					<DistClean command="/usr/bin/make -f &quot;/home/johannes/MA-Ali/ccn-lite/src/ccnl-utils/Makefile&quot;  VERBOSE=1 clean"/>
				</MakeCommands>
			</Target>
			<Target title="ccn-lite-ctrl/fast">
				<Option output="/home/johannes/MA-Ali/ccn-lite/src/bin/ccn-lite-ctrl" prefix_auto="0" extension_auto="0"/>
				<Option working_dir="/home/johannes/MA-Ali/ccn-lite/src/ccnl-utils/../bin"/>
				<Option object_output="./"/>
				<Option type="1"/>
				<Option compiler="gcc"/>
				<Compiler>
					<Add option="-DUSE_DEBUG"/>
					<Add option="-DUSE_LOGGING"/>
					<Add option="-DUSE_DUP_CHECK"/>
					<Add option="-DUSE_HMAC256"/>
					<Add option="-DUSE_STATS"/>
					<Add option="-DNEEDS_PACKET_CRAFTING"/>
					<Add option="-DNEEDS_PREFIX_MATCHING"/>
					<Add option="-DUSE_LINKLAYER"/>
					<Add option="-DUSE_CCNxDIGEST"/>
					<Add option="-DUSE_MGMT"/>
					<Add option="-DUSE_UNIXSOCKET"/>
					<Add option="-DUSE_IPV4"/>
					<Add option="-DUSE_IPV6"/>
					<Add option="-DUSE_DEBUG_MALLOC"/>
					<Add option="-DUSE_HTTP_STATUS"/>
					<Add option="-DCCNL_UNIX"/>
					<Add option="-DUSE_SUITE_NDNTLV"/>
					<Add option="-DUSE_SUITE_CCNB"/>
					<Add option="-DUSE_SUITE_CCNTLV"/>
					<Add option="-DUSE_SUITE_LOCALRPC"/>
					<Add option="-DUSE_NFN"/>
					<Add option="-DUSE_NFN_REQUESTS"/>
					<Add directory="/home/johannes/MA-Ali/ccn-lite/src/ccnl-utils/include"/>
					<Add directory="/home/johannes/MA-Ali/ccn-lite/src/ccnl-utils/../ccnl-pkt/include"/>
					<Add directory="/home/johannes/MA-Ali/ccn-lite/src/ccnl-utils/../ccnl-fwd/include"/>
					<Add directory="/home/johannes/MA-Ali/ccn-lite/src/ccnl-utils/../ccnl-core/include"/>
					<Add directory="/home/johannes/MA-Ali/ccn-lite/src/ccnl-utils/../ccnl-unix/include"/>
					<Add directory="/home/johannes/MA-Ali/ccn-lite/src/ccnl-utils/../ccnl-nfn/include"/>
				</Compiler>
				<MakeCommands>
					<Build command="/usr/bin/make -f &quot;/home/johannes/MA-Ali/ccn-lite/src/ccnl-utils/Makefile&quot;  VERBOSE=1 ccn-lite-ctrl/fast"/>
					<CompileFile command="/usr/bin/make -f &quot;/home/johannes/MA-Ali/ccn-lite/src/ccnl-utils/Makefile&quot;  VERBOSE=1 &quot;$file&quot;"/>
					<Clean command="/usr/bin/make -f &quot;/home/johannes/MA-Ali/ccn-lite/src/ccnl-utils/Makefile&quot;  VERBOSE=1 clean"/>
					<DistClean command="/usr/bin/make -f &quot;/home/johannes/MA-Ali/ccn-lite/src/ccnl-utils/Makefile&quot;  VERBOSE=1 clean"/>
				</MakeCommands>
			</Target>
			<Target title="ccn-lite-rpc">
				<Option output="/home/johannes/MA-Ali/ccn-lite/src/bin/ccn-lite-rpc" prefix_auto="0" extension_auto="0"/>
				<Option working_dir="/home/johannes/MA-Ali/ccn-lite/src/ccnl-utils/../bin"/>
				<Option object_output="./"/>
				<Option type="1"/>
				<Option compiler="gcc"/>
				<Compiler>
					<Add option="-DUSE_DEBUG"/>
					<Add option="-DUSE_LOGGING"/>
					<Add option="-DUSE_DUP_CHECK"/>
					<Add option="-DUSE_HMAC256"/>
					<Add option="-DUSE_STATS"/>
					<Add option="-DNEEDS_PACKET_CRAFTING"/>
					<Add option="-DNEEDS_PREFIX_MATCHING"/>
					<Add option="-DUSE_LINKLAYER"/>
					<Add option="-DUSE_CCNxDIGEST"/>
					<Add option="-DUSE_MGMT"/>
					<Add option="-DUSE_UNIXSOCKET"/>
					<Add option="-DUSE_IPV4"/>
					<Add option="-DUSE_IPV6"/>
					<Add option="-DUSE_DEBUG_MALLOC"/>
					<Add option="-DUSE_HTTP_STATUS"/>
					<Add option="-DCCNL_UNIX"/>
					<Add option="-DUSE_SUITE_NDNTLV"/>
					<Add option="-DUSE_SUITE_CCNB"/>
					<Add option="-DUSE_SUITE_CCNTLV"/>
					<Add option="-DUSE_SUITE_LOCALRPC"/>
					<Add option="-DUSE_NFN"/>
					<Add option="-DUSE_NFN_REQUESTS"/>
					<Add directory="/home/johannes/MA-Ali/ccn-lite/src/ccnl-utils/include"/>
					<Add directory="/home/johannes/MA-Ali/ccn-lite/src/ccnl-utils/../ccnl-pkt/include"/>
					<Add directory="/home/johannes/MA-Ali/ccn-lite/src/ccnl-utils/../ccnl-fwd/include"/>
					<Add directory="/home/johannes/MA-Ali/ccn-lite/src/ccnl-utils/../ccnl-core/include"/>
					<Add directory="/home/johannes/MA-Ali/ccn-lite/src/ccnl-utils/../ccnl-unix/include"/>
					<Add directory="/home/johannes/MA-Ali/ccn-lite/src/ccnl-utils/../ccnl-nfn/include"/>
				</Compiler>
				<MakeCommands>
					<Build command="/usr/bin/make -f &quot;/home/johannes/MA-Ali/ccn-lite/src/ccnl-utils/Makefile&quot;  VERBOSE=1 ccn-lite-rpc"/>
					<CompileFile command="/usr/bin/make -f &quot;/home/johannes/MA-Ali/ccn-lite/src/ccnl-utils/Makefile&quot;  VERBOSE=1 &quot;$file&quot;"/>
					<Clean command="/usr/bin/make -f &quot;/home/johannes/MA-Ali/ccn-lite/src/ccnl-utils/Makefile&quot;  VERBOSE=1 clean"/>
					<DistClean command="/usr/bin/make -f &quot;/home/johannes/MA-Ali/ccn-lite/src/ccnl-utils/Makefile&quot;  VERBOSE=1 clean"/>
				</MakeCommands>
			</Target>
			<Target title="ccn-lite-rpc/fast">
				<Option output="/home/johannes/MA-Ali/ccn-lite/src/bin/ccn-lite-rpc" prefix_auto="0" extension_auto="0"/>
				<Option working_dir="/home/johannes/MA-Ali/ccn-lite/src/ccnl-utils/../bin"/>
				<Option object_output="./"/>
				<Option type="1"/>
				<Option compiler="gcc"/>
				<Compiler>
					<Add option="-DUSE_DEBUG"/>
					<Add option="-DUSE_LOGGING"/>
					<Add option="-DUSE_DUP_CHECK"/>
					<Add option="-DUSE_HMAC256"/>
					<Add option="-DUSE_STATS"/>
					<Add option="-DNEEDS_PACKET_CRAFTING"/>
					<Add option="-DNEEDS_PREFIX_MATCHING"/>
					<Add option="-DUSE_LINKLAYER"/>
					<Add option="-DUSE_CCNxDIGEST"/>
					<Add option="-DUSE_MGMT"/>
					<Add option="-DUSE_UNIXSOCKET"/>
					<Add option="-DUSE_IPV4"/>
					<Add option="-DUSE_IPV6"/>
					<Add option="-DUSE_DEBUG_MALLOC"/>
					<Add option="-DUSE_HTTP_STATUS"/>
					<Add option="-DCCNL_UNIX"/>
					<Add option="-DUSE_SUITE_NDNTLV"/>
					<Add option="-DUSE_SUITE_CCNB"/>
					<Add option="-DUSE_SUITE_CCNTLV"/>
					<Add option="-DUSE_SUITE_LOCALRPC"/>
					<Add option="-DUSE_NFN"/>
					<Add option="-DUSE_NFN_REQUESTS"/>
					<Add directory="/home/johannes/MA-Ali/ccn-lite/src/ccnl-utils/include"/>
					<Add directory="/home/johannes/MA-Ali/ccn-lite/src/ccnl-utils/../ccnl-pkt/include"/>
					<Add directory="/home/johannes/MA-Ali/ccn-lite/src/ccnl-utils/../ccnl-fwd/include"/>
					<Add directory="/home/johannes/MA-Ali/ccn-lite/src/ccnl-utils/../ccnl-core/include"/>
					<Add directory="/home/johannes/MA-Ali/ccn-lite/src/ccnl-utils/../ccnl-unix/include"/>
					<Add directory="/home/johannes/MA-Ali/ccn-lite/src/ccnl-utils/../ccnl-nfn/include"/>
				</Compiler>
				<MakeCommands>
					<Build command="/usr/bin/make -f &quot;/home/johannes/MA-Ali/ccn-lite/src/ccnl-utils/Makefile&quot;  VERBOSE=1 ccn-lite-rpc/fast"/>
					<CompileFile command="/usr/bin/make -f &quot;/home/johannes/MA-Ali/ccn-lite/src/ccnl-utils/Makefile&quot;  VERBOSE=1 &quot;$file&quot;"/>
					<Clean command="/usr/bin/make -f &quot;/home/johannes/MA-Ali/ccn-lite/src/ccnl-utils/Makefile&quot;  VERBOSE=1 clean"/>
					<DistClean command="/usr/bin/make -f &quot;/home/johannes/MA-Ali/ccn-lite/src/ccnl-utils/Makefile&quot;  VERBOSE=1 clean"/>
				</MakeCommands>
			</Target>
			<Target title="ccnl-crypto">
				<Option output="/home/johannes/MA-Ali/ccn-lite/src/ccnl-utils/libccnl-crypto.a" prefix_auto="0" extension_auto="0"/>
				<Option working_dir="/home/johannes/MA-Ali/ccn-lite/src/ccnl-utils"/>
				<Option object_output="./"/>
				<Option type="2"/>
				<Option compiler="gcc"/>
				<Compiler>
					<Add option="-DUSE_DEBUG"/>
					<Add option="-DUSE_LOGGING"/>
					<Add option="-DUSE_DUP_CHECK"/>
					<Add option="-DUSE_HMAC256"/>
					<Add option="-DUSE_STATS"/>
					<Add option="-DNEEDS_PACKET_CRAFTING"/>
					<Add option="-DNEEDS_PREFIX_MATCHING"/>
					<Add option="-DUSE_LINKLAYER"/>
					<Add option="-DUSE_CCNxDIGEST"/>
					<Add option="-DUSE_MGMT"/>
					<Add option="-DUSE_UNIXSOCKET"/>
					<Add option="-DUSE_IPV4"/>
					<Add option="-DUSE_IPV6"/>
					<Add option="-DUSE_DEBUG_MALLOC"/>
					<Add option="-DUSE_HTTP_STATUS"/>
					<Add option="-DCCNL_UNIX"/>
					<Add option="-DUSE_SUITE_NDNTLV"/>
					<Add option="-DUSE_SUITE_CCNB"/>
					<Add option="-DUSE_SUITE_CCNTLV"/>
					<Add option="-DUSE_SUITE_LOCALRPC"/>
					<Add option="-DUSE_NFN"/>
					<Add option="-DUSE_NFN_REQUESTS"/>
					<Add directory="/home/johannes/MA-Ali/ccn-lite/src/ccnl-utils/include"/>
					<Add directory="/home/johannes/MA-Ali/ccn-lite/src/ccnl-utils/../ccnl-pkt/include"/>
					<Add directory="/home/johannes/MA-Ali/ccn-lite/src/ccnl-utils/../ccnl-fwd/include"/>
					<Add directory="/home/johannes/MA-Ali/ccn-lite/src/ccnl-utils/../ccnl-core/include"/>
					<Add directory="/home/johannes/MA-Ali/ccn-lite/src/ccnl-utils/../ccnl-unix/include"/>
					<Add directory="/home/johannes/MA-Ali/ccn-lite/src/ccnl-utils/../ccnl-nfn/include"/>
				</Compiler>
				<MakeCommands>
					<Build command="/usr/bin/make -f &quot;/home/johannes/MA-Ali/ccn-lite/src/ccnl-utils/Makefile&quot;  VERBOSE=1 ccnl-crypto"/>
					<CompileFile command="/usr/bin/make -f &quot;/home/johannes/MA-Ali/ccn-lite/src/ccnl-utils/Makefile&quot;  VERBOSE=1 &quot;$file&quot;"/>
					<Clean command="/usr/bin/make -f &quot;/home/johannes/MA-Ali/ccn-lite/src/ccnl-utils/Makefile&quot;  VERBOSE=1 clean"/>
					<DistClean command="/usr/bin/make -f &quot;/home/johannes/MA-Ali/ccn-lite/src/ccnl-utils/Makefile&quot;  VERBOSE=1 clean"/>
				</MakeCommands>
			</Target>
			<Target title="ccnl-crypto/fast">
				<Option output="/home/johannes/MA-Ali/ccn-lite/src/ccnl-utils/libccnl-crypto.a" prefix_auto="0" extension_auto="0"/>
				<Option working_dir="/home/johannes/MA-Ali/ccn-lite/src/ccnl-utils"/>
				<Option object_output="./"/>
				<Option type="2"/>
				<Option compiler="gcc"/>
				<Compiler>
					<Add option="-DUSE_DEBUG"/>
					<Add option="-DUSE_LOGGING"/>
					<Add option="-DUSE_DUP_CHECK"/>
					<Add option="-DUSE_HMAC256"/>
					<Add option="-DUSE_STATS"/>
					<Add option="-DNEEDS_PACKET_CRAFTING"/>
					<Add option="-DNEEDS_PREFIX_MATCHING"/>
					<Add option="-DUSE_LINKLAYER"/>
					<Add option="-DUSE_CCNxDIGEST"/>
					<Add option="-DUSE_MGMT"/>
					<Add option="-DUSE_UNIXSOCKET"/>
					<Add option="-DUSE_IPV4"/>
					<Add option="-DUSE_IPV6"/>
					<Add option="-DUSE_DEBUG_MALLOC"/>
					<Add option="-DUSE_HTTP_STATUS"/>
					<Add option="-DCCNL_UNIX"/>
					<Add option="-DUSE_SUITE_NDNTLV"/>
					<Add option="-DUSE_SUITE_CCNB"/>
					<Add option="-DUSE_SUITE_CCNTLV"/>
					<Add option="-DUSE_SUITE_LOCALRPC"/>
					<Add option="-DUSE_NFN"/>
					<Add option="-DUSE_NFN_REQUESTS"/>
					<Add directory="/home/johannes/MA-Ali/ccn-lite/src/ccnl-utils/include"/>
					<Add directory="/home/johannes/MA-Ali/ccn-lite/src/ccnl-utils/../ccnl-pkt/include"/>
					<Add directory="/home/johannes/MA-Ali/ccn-lite/src/ccnl-utils/../ccnl-fwd/include"/>
					<Add directory="/home/johannes/MA-Ali/ccn-lite/src/ccnl-utils/../ccnl-core/include"/>
					<Add directory="/home/johannes/MA-Ali/ccn-lite/src/ccnl-utils/../ccnl-unix/include"/>
					<Add directory="/home/johannes/MA-Ali/ccn-lite/src/ccnl-utils/../ccnl-nfn/include"/>
				</Compiler>
				<MakeCommands>
					<Build command="/usr/bin/make -f &quot;/home/johannes/MA-Ali/ccn-lite/src/ccnl-utils/Makefile&quot;  VERBOSE=1 ccnl-crypto/fast"/>
					<CompileFile command="/usr/bin/make -f &quot;/home/johannes/MA-Ali/ccn-lite/src/ccnl-utils/Makefile&quot;  VERBOSE=1 &quot;$file&quot;"/>
					<Clean command="/usr/bin/make -f &quot;/home/johannes/MA-Ali/ccn-lite/src/ccnl-utils/Makefile&quot;  VERBOSE=1 clean"/>
					<DistClean command="/usr/bin/make -f &quot;/home/johannes/MA-Ali/ccn-lite/src/ccnl-utils/Makefile&quot;  VERBOSE=1 clean"/>
				</MakeCommands>
			</Target>
			<Target title="ccn-lite-mkI">
				<Option output="/home/johannes/MA-Ali/ccn-lite/src/bin/ccn-lite-mkI" prefix_auto="0" extension_auto="0"/>
				<Option working_dir="/home/johannes/MA-Ali/ccn-lite/src/ccnl-utils/../bin"/>
				<Option object_output="./"/>
				<Option type="1"/>
				<Option compiler="gcc"/>
				<Compiler>
					<Add option="-DUSE_DEBUG"/>
					<Add option="-DUSE_LOGGING"/>
					<Add option="-DUSE_DUP_CHECK"/>
					<Add option="-DUSE_HMAC256"/>
					<Add option="-DUSE_STATS"/>
					<Add option="-DNEEDS_PACKET_CRAFTING"/>
					<Add option="-DNEEDS_PREFIX_MATCHING"/>
					<Add option="-DUSE_LINKLAYER"/>
					<Add option="-DUSE_CCNxDIGEST"/>
					<Add option="-DUSE_MGMT"/>
					<Add option="-DUSE_UNIXSOCKET"/>
					<Add option="-DUSE_IPV4"/>
					<Add option="-DUSE_IPV6"/>
					<Add option="-DUSE_DEBUG_MALLOC"/>
					<Add option="-DUSE_HTTP_STATUS"/>
					<Add option="-DCCNL_UNIX"/>
					<Add option="-DUSE_SUITE_NDNTLV"/>
					<Add option="-DUSE_SUITE_CCNB"/>
					<Add option="-DUSE_SUITE_CCNTLV"/>
					<Add option="-DUSE_SUITE_LOCALRPC"/>
					<Add option="-DUSE_NFN"/>
					<Add option="-DUSE_NFN_REQUESTS"/>
					<Add directory="/home/johannes/MA-Ali/ccn-lite/src/ccnl-utils/include"/>
					<Add directory="/home/johannes/MA-Ali/ccn-lite/src/ccnl-utils/../ccnl-pkt/include"/>
					<Add directory="/home/johannes/MA-Ali/ccn-lite/src/ccnl-utils/../ccnl-fwd/include"/>
					<Add directory="/home/johannes/MA-Ali/ccn-lite/src/ccnl-utils/../ccnl-core/include"/>
					<Add directory="/home/johannes/MA-Ali/ccn-lite/src/ccnl-utils/../ccnl-unix/include"/>
					<Add directory="/home/johannes/MA-Ali/ccn-lite/src/ccnl-utils/../ccnl-nfn/include"/>
				</Compiler>
				<MakeCommands>
					<Build command="/usr/bin/make -f &quot;/home/johannes/MA-Ali/ccn-lite/src/ccnl-utils/Makefile&quot;  VERBOSE=1 ccn-lite-mkI"/>
					<CompileFile command="/usr/bin/make -f &quot;/home/johannes/MA-Ali/ccn-lite/src/ccnl-utils/Makefile&quot;  VERBOSE=1 &quot;$file&quot;"/>
					<Clean command="/usr/bin/make -f &quot;/home/johannes/MA-Ali/ccn-lite/src/ccnl-utils/Makefile&quot;  VERBOSE=1 clean"/>
					<DistClean command="/usr/bin/make -f &quot;/home/johannes/MA-Ali/ccn-lite/src/ccnl-utils/Makefile&quot;  VERBOSE=1 clean"/>
				</MakeCommands>
			</Target>
			<Target title="ccn-lite-mkI/fast">
				<Option output="/home/johannes/MA-Ali/ccn-lite/src/bin/ccn-lite-mkI" prefix_auto="0" extension_auto="0"/>
				<Option working_dir="/home/johannes/MA-Ali/ccn-lite/src/ccnl-utils/../bin"/>
				<Option object_output="./"/>
				<Option type="1"/>
				<Option compiler="gcc"/>
				<Compiler>
					<Add option="-DUSE_DEBUG"/>
					<Add option="-DUSE_LOGGING"/>
					<Add option="-DUSE_DUP_CHECK"/>
					<Add option="-DUSE_HMAC256"/>
					<Add option="-DUSE_STATS"/>
					<Add option="-DNEEDS_PACKET_CRAFTING"/>
					<Add option="-DNEEDS_PREFIX_MATCHING"/>
					<Add option="-DUSE_LINKLAYER"/>
					<Add option="-DUSE_CCNxDIGEST"/>
					<Add option="-DUSE_MGMT"/>
					<Add option="-DUSE_UNIXSOCKET"/>
					<Add option="-DUSE_IPV4"/>
					<Add option="-DUSE_IPV6"/>
					<Add option="-DUSE_DEBUG_MALLOC"/>
					<Add option="-DUSE_HTTP_STATUS"/>
					<Add option="-DCCNL_UNIX"/>
					<Add option="-DUSE_SUITE_NDNTLV"/>
					<Add option="-DUSE_SUITE_CCNB"/>
					<Add option="-DUSE_SUITE_CCNTLV"/>
					<Add option="-DUSE_SUITE_LOCALRPC"/>
					<Add option="-DUSE_NFN"/>
					<Add option="-DUSE_NFN_REQUESTS"/>
					<Add directory="/home/johannes/MA-Ali/ccn-lite/src/ccnl-utils/include"/>
					<Add directory="/home/johannes/MA-Ali/ccn-lite/src/ccnl-utils/../ccnl-pkt/include"/>
					<Add directory="/home/johannes/MA-Ali/ccn-lite/src/ccnl-utils/../ccnl-fwd/include"/>
					<Add directory="/home/johannes/MA-Ali/ccn-lite/src/ccnl-utils/../ccnl-core/include"/>
					<Add directory="/home/johannes/MA-Ali/ccn-lite/src/ccnl-utils/../ccnl-unix/include"/>
					<Add directory="/home/johannes/MA-Ali/ccn-lite/src/ccnl-utils/../ccnl-nfn/include"/>
				</Compiler>
				<MakeCommands>
					<Build command="/usr/bin/make -f &quot;/home/johannes/MA-Ali/ccn-lite/src/ccnl-utils/Makefile&quot;  VERBOSE=1 ccn-lite-mkI/fast"/>
					<CompileFile command="/usr/bin/make -f &quot;/home/johannes/MA-Ali/ccn-lite/src/ccnl-utils/Makefile&quot;  VERBOSE=1 &quot;$file&quot;"/>
					<Clean command="/usr/bin/make -f &quot;/home/johannes/MA-Ali/ccn-lite/src/ccnl-utils/Makefile&quot;  VERBOSE=1 clean"/>
					<DistClean command="/usr/bin/make -f &quot;/home/johannes/MA-Ali/ccn-lite/src/ccnl-utils/Makefile&quot;  VERBOSE=1 clean"/>
				</MakeCommands>
			</Target>
			<Target title="ccn-lite-mkC">
				<Option output="/home/johannes/MA-Ali/ccn-lite/src/bin/ccn-lite-mkC" prefix_auto="0" extension_auto="0"/>
				<Option working_dir="/home/johannes/MA-Ali/ccn-lite/src/ccnl-utils/../bin"/>
				<Option object_output="./"/>
				<Option type="1"/>
				<Option compiler="gcc"/>
				<Compiler>
					<Add option="-DUSE_DEBUG"/>
					<Add option="-DUSE_LOGGING"/>
					<Add option="-DUSE_DUP_CHECK"/>
					<Add option="-DUSE_HMAC256"/>
					<Add option="-DUSE_STATS"/>
					<Add option="-DNEEDS_PACKET_CRAFTING"/>
					<Add option="-DNEEDS_PREFIX_MATCHING"/>
					<Add option="-DUSE_LINKLAYER"/>
					<Add option="-DUSE_CCNxDIGEST"/>
					<Add option="-DUSE_MGMT"/>
					<Add option="-DUSE_UNIXSOCKET"/>
					<Add option="-DUSE_IPV4"/>
					<Add option="-DUSE_IPV6"/>
					<Add option="-DUSE_DEBUG_MALLOC"/>
					<Add option="-DUSE_HTTP_STATUS"/>
					<Add option="-DCCNL_UNIX"/>
					<Add option="-DUSE_SUITE_NDNTLV"/>
					<Add option="-DUSE_SUITE_CCNB"/>
					<Add option="-DUSE_SUITE_CCNTLV"/>
					<Add option="-DUSE_SUITE_LOCALRPC"/>
					<Add option="-DUSE_NFN"/>
					<Add option="-DUSE_NFN_REQUESTS"/>
					<Add directory="/home/johannes/MA-Ali/ccn-lite/src/ccnl-utils/include"/>
					<Add directory="/home/johannes/MA-Ali/ccn-lite/src/ccnl-utils/../ccnl-pkt/include"/>
					<Add directory="/home/johannes/MA-Ali/ccn-lite/src/ccnl-utils/../ccnl-fwd/include"/>
					<Add directory="/home/johannes/MA-Ali/ccn-lite/src/ccnl-utils/../ccnl-core/include"/>
					<Add directory="/home/johannes/MA-Ali/ccn-lite/src/ccnl-utils/../ccnl-unix/include"/>
					<Add directory="/home/johannes/MA-Ali/ccn-lite/src/ccnl-utils/../ccnl-nfn/include"/>
				</Compiler>
				<MakeCommands>
					<Build command="/usr/bin/make -f &quot;/home/johannes/MA-Ali/ccn-lite/src/ccnl-utils/Makefile&quot;  VERBOSE=1 ccn-lite-mkC"/>
					<CompileFile command="/usr/bin/make -f &quot;/home/johannes/MA-Ali/ccn-lite/src/ccnl-utils/Makefile&quot;  VERBOSE=1 &quot;$file&quot;"/>
					<Clean command="/usr/bin/make -f &quot;/home/johannes/MA-Ali/ccn-lite/src/ccnl-utils/Makefile&quot;  VERBOSE=1 clean"/>
					<DistClean command="/usr/bin/make -f &quot;/home/johannes/MA-Ali/ccn-lite/src/ccnl-utils/Makefile&quot;  VERBOSE=1 clean"/>
				</MakeCommands>
			</Target>
			<Target title="ccn-lite-mkC/fast">
				<Option output="/home/johannes/MA-Ali/ccn-lite/src/bin/ccn-lite-mkC" prefix_auto="0" extension_auto="0"/>
				<Option working_dir="/home/johannes/MA-Ali/ccn-lite/src/ccnl-utils/../bin"/>
				<Option object_output="./"/>
				<Option type="1"/>
				<Option compiler="gcc"/>
				<Compiler>
					<Add option="-DUSE_DEBUG"/>
					<Add option="-DUSE_LOGGING"/>
					<Add option="-DUSE_DUP_CHECK"/>
					<Add option="-DUSE_HMAC256"/>
					<Add option="-DUSE_STATS"/>
					<Add option="-DNEEDS_PACKET_CRAFTING"/>
					<Add option="-DNEEDS_PREFIX_MATCHING"/>
					<Add option="-DUSE_LINKLAYER"/>
					<Add option="-DUSE_CCNxDIGEST"/>
					<Add option="-DUSE_MGMT"/>
					<Add option="-DUSE_UNIXSOCKET"/>
					<Add option="-DUSE_IPV4"/>
					<Add option="-DUSE_IPV6"/>
					<Add option="-DUSE_DEBUG_MALLOC"/>
					<Add option="-DUSE_HTTP_STATUS"/>
					<Add option="-DCCNL_UNIX"/>
					<Add option="-DUSE_SUITE_NDNTLV"/>
					<Add option="-DUSE_SUITE_CCNB"/>
					<Add option="-DUSE_SUITE_CCNTLV"/>
					<Add option="-DUSE_SUITE_LOCALRPC"/>
					<Add option="-DUSE_NFN"/>
					<Add option="-DUSE_NFN_REQUESTS"/>
					<Add directory="/home/johannes/MA-Ali/ccn-lite/src/ccnl-utils/include"/>
					<Add directory="/home/johannes/MA-Ali/ccn-lite/src/ccnl-utils/../ccnl-pkt/include"/>
					<Add directory="/home/johannes/MA-Ali/ccn-lite/src/ccnl-utils/../ccnl-fwd/include"/>
					<Add directory="/home/johannes/MA-Ali/ccn-lite/src/ccnl-utils/../ccnl-core/include"/>
					<Add directory="/home/johannes/MA-Ali/ccn-lite/src/ccnl-utils/../ccnl-unix/include"/>
					<Add directory="/home/johannes/MA-Ali/ccn-lite/src/ccnl-utils/../ccnl-nfn/include"/>
				</Compiler>
				<MakeCommands>
					<Build command="/usr/bin/make -f &quot;/home/johannes/MA-Ali/ccn-lite/src/ccnl-utils/Makefile&quot;  VERBOSE=1 ccn-lite-mkC/fast"/>
					<CompileFile command="/usr/bin/make -f &quot;/home/johannes/MA-Ali/ccn-lite/src/ccnl-utils/Makefile&quot;  VERBOSE=1 &quot;$file&quot;"/>
					<Clean command="/usr/bin/make -f &quot;/home/johannes/MA-Ali/ccn-lite/src/ccnl-utils/Makefile&quot;  VERBOSE=1 clean"/>
					<DistClean command="/usr/bin/make -f &quot;/home/johannes/MA-Ali/ccn-lite/src/ccnl-utils/Makefile&quot;  VERBOSE=1 clean"/>
				</MakeCommands>
			</Target>
			<Target title="ccn-lite-produce">
				<Option output="/home/johannes/MA-Ali/ccn-lite/src/bin/ccn-lite-produce" prefix_auto="0" extension_auto="0"/>
				<Option working_dir="/home/johannes/MA-Ali/ccn-lite/src/ccnl-utils/../bin"/>
				<Option object_output="./"/>
				<Option type="1"/>
				<Option compiler="gcc"/>
				<Compiler>
					<Add option="-DUSE_DEBUG"/>
					<Add option="-DUSE_LOGGING"/>
					<Add option="-DUSE_DUP_CHECK"/>
					<Add option="-DUSE_HMAC256"/>
					<Add option="-DUSE_STATS"/>
					<Add option="-DNEEDS_PACKET_CRAFTING"/>
					<Add option="-DNEEDS_PREFIX_MATCHING"/>
					<Add option="-DUSE_LINKLAYER"/>
					<Add option="-DUSE_CCNxDIGEST"/>
					<Add option="-DUSE_MGMT"/>
					<Add option="-DUSE_UNIXSOCKET"/>
					<Add option="-DUSE_IPV4"/>
					<Add option="-DUSE_IPV6"/>
					<Add option="-DUSE_DEBUG_MALLOC"/>
					<Add option="-DUSE_HTTP_STATUS"/>
					<Add option="-DCCNL_UNIX"/>
					<Add option="-DUSE_SUITE_NDNTLV"/>
					<Add option="-DUSE_SUITE_CCNB"/>
					<Add option="-DUSE_SUITE_CCNTLV"/>
					<Add option="-DUSE_SUITE_LOCALRPC"/>
					<Add option="-DUSE_NFN"/>
					<Add option="-DUSE_NFN_REQUESTS"/>
					<Add directory="/home/johannes/MA-Ali/ccn-lite/src/ccnl-utils/include"/>
					<Add directory="/home/johannes/MA-Ali/ccn-lite/src/ccnl-utils/../ccnl-pkt/include"/>
					<Add directory="/home/johannes/MA-Ali/ccn-lite/src/ccnl-utils/../ccnl-fwd/include"/>
					<Add directory="/home/johannes/MA-Ali/ccn-lite/src/ccnl-utils/../ccnl-core/include"/>
					<Add directory="/home/johannes/MA-Ali/ccn-lite/src/ccnl-utils/../ccnl-unix/include"/>
					<Add directory="/home/johannes/MA-Ali/ccn-lite/src/ccnl-utils/../ccnl-nfn/include"/>
				</Compiler>
				<MakeCommands>
					<Build command="/usr/bin/make -f &quot;/home/johannes/MA-Ali/ccn-lite/src/ccnl-utils/Makefile&quot;  VERBOSE=1 ccn-lite-produce"/>
					<CompileFile command="/usr/bin/make -f &quot;/home/johannes/MA-Ali/ccn-lite/src/ccnl-utils/Makefile&quot;  VERBOSE=1 &quot;$file&quot;"/>
					<Clean command="/usr/bin/make -f &quot;/home/johannes/MA-Ali/ccn-lite/src/ccnl-utils/Makefile&quot;  VERBOSE=1 clean"/>
					<DistClean command="/usr/bin/make -f &quot;/home/johannes/MA-Ali/ccn-lite/src/ccnl-utils/Makefile&quot;  VERBOSE=1 clean"/>
				</MakeCommands>
			</Target>
			<Target title="ccn-lite-produce/fast">
				<Option output="/home/johannes/MA-Ali/ccn-lite/src/bin/ccn-lite-produce" prefix_auto="0" extension_auto="0"/>
				<Option working_dir="/home/johannes/MA-Ali/ccn-lite/src/ccnl-utils/../bin"/>
				<Option object_output="./"/>
				<Option type="1"/>
				<Option compiler="gcc"/>
				<Compiler>
					<Add option="-DUSE_DEBUG"/>
					<Add option="-DUSE_LOGGING"/>
					<Add option="-DUSE_DUP_CHECK"/>
					<Add option="-DUSE_HMAC256"/>
					<Add option="-DUSE_STATS"/>
					<Add option="-DNEEDS_PACKET_CRAFTING"/>
					<Add option="-DNEEDS_PREFIX_MATCHING"/>
					<Add option="-DUSE_LINKLAYER"/>
					<Add option="-DUSE_CCNxDIGEST"/>
					<Add option="-DUSE_MGMT"/>
					<Add option="-DUSE_UNIXSOCKET"/>
					<Add option="-DUSE_IPV4"/>
					<Add option="-DUSE_IPV6"/>
					<Add option="-DUSE_DEBUG_MALLOC"/>
					<Add option="-DUSE_HTTP_STATUS"/>
					<Add option="-DCCNL_UNIX"/>
					<Add option="-DUSE_SUITE_NDNTLV"/>
					<Add option="-DUSE_SUITE_CCNB"/>
					<Add option="-DUSE_SUITE_CCNTLV"/>
					<Add option="-DUSE_SUITE_LOCALRPC"/>
					<Add option="-DUSE_NFN"/>
					<Add option="-DUSE_NFN_REQUESTS"/>
					<Add directory="/home/johannes/MA-Ali/ccn-lite/src/ccnl-utils/include"/>
					<Add directory="/home/johannes/MA-Ali/ccn-lite/src/ccnl-utils/../ccnl-pkt/include"/>
					<Add directory="/home/johannes/MA-Ali/ccn-lite/src/ccnl-utils/../ccnl-fwd/include"/>
					<Add directory="/home/johannes/MA-Ali/ccn-lite/src/ccnl-utils/../ccnl-core/include"/>
					<Add directory="/home/johannes/MA-Ali/ccn-lite/src/ccnl-utils/../ccnl-unix/include"/>
					<Add directory="/home/johannes/MA-Ali/ccn-lite/src/ccnl-utils/../ccnl-nfn/include"/>
				</Compiler>
				<MakeCommands>
					<Build command="/usr/bin/make -f &quot;/home/johannes/MA-Ali/ccn-lite/src/ccnl-utils/Makefile&quot;  VERBOSE=1 ccn-lite-produce/fast"/>
					<CompileFile command="/usr/bin/make -f &quot;/home/johannes/MA-Ali/ccn-lite/src/ccnl-utils/Makefile&quot;  VERBOSE=1 &quot;$file&quot;"/>
					<Clean command="/usr/bin/make -f &quot;/home/johannes/MA-Ali/ccn-lite/src/ccnl-utils/Makefile&quot;  VERBOSE=1 clean"/>
					<DistClean command="/usr/bin/make -f &quot;/home/johannes/MA-Ali/ccn-lite/src/ccnl-utils/Makefile&quot;  VERBOSE=1 clean"/>
				</MakeCommands>
			</Target>
			<Target title="ccn-lite-pktdump">
				<Option output="/home/johannes/MA-Ali/ccn-lite/src/bin/ccn-lite-pktdump" prefix_auto="0" extension_auto="0"/>
				<Option working_dir="/home/johannes/MA-Ali/ccn-lite/src/ccnl-utils/../bin"/>
				<Option object_output="./"/>
				<Option type="1"/>
				<Option compiler="gcc"/>
				<Compiler>
					<Add option="-DUSE_DEBUG"/>
					<Add option="-DUSE_LOGGING"/>
					<Add option="-DUSE_DUP_CHECK"/>
					<Add option="-DUSE_HMAC256"/>
					<Add option="-DUSE_STATS"/>
					<Add option="-DNEEDS_PACKET_CRAFTING"/>
					<Add option="-DNEEDS_PREFIX_MATCHING"/>
					<Add option="-DUSE_LINKLAYER"/>
					<Add option="-DUSE_CCNxDIGEST"/>
					<Add option="-DUSE_MGMT"/>
					<Add option="-DUSE_UNIXSOCKET"/>
					<Add option="-DUSE_IPV4"/>
					<Add option="-DUSE_IPV6"/>
					<Add option="-DUSE_DEBUG_MALLOC"/>
					<Add option="-DUSE_HTTP_STATUS"/>
					<Add option="-DCCNL_UNIX"/>
					<Add option="-DUSE_SUITE_NDNTLV"/>
					<Add option="-DUSE_SUITE_CCNB"/>
					<Add option="-DUSE_SUITE_CCNTLV"/>
					<Add option="-DUSE_SUITE_LOCALRPC"/>
					<Add option="-DUSE_NFN"/>
					<Add option="-DUSE_NFN_REQUESTS"/>
					<Add directory="/home/johannes/MA-Ali/ccn-lite/src/ccnl-utils/include"/>
					<Add directory="/home/johannes/MA-Ali/ccn-lite/src/ccnl-utils/../ccnl-pkt/include"/>
					<Add directory="/home/johannes/MA-Ali/ccn-lite/src/ccnl-utils/../ccnl-fwd/include"/>
					<Add directory="/home/johannes/MA-Ali/ccn-lite/src/ccnl-utils/../ccnl-core/include"/>
					<Add directory="/home/johannes/MA-Ali/ccn-lite/src/ccnl-utils/../ccnl-unix/include"/>
					<Add directory="/home/johannes/MA-Ali/ccn-lite/src/ccnl-utils/../ccnl-nfn/include"/>
				</Compiler>
				<MakeCommands>
					<Build command="/usr/bin/make -f &quot;/home/johannes/MA-Ali/ccn-lite/src/ccnl-utils/Makefile&quot;  VERBOSE=1 ccn-lite-pktdump"/>
					<CompileFile command="/usr/bin/make -f &quot;/home/johannes/MA-Ali/ccn-lite/src/ccnl-utils/Makefile&quot;  VERBOSE=1 &quot;$file&quot;"/>
					<Clean command="/usr/bin/make -f &quot;/home/johannes/MA-Ali/ccn-lite/src/ccnl-utils/Makefile&quot;  VERBOSE=1 clean"/>
					<DistClean command="/usr/bin/make -f &quot;/home/johannes/MA-Ali/ccn-lite/src/ccnl-utils/Makefile&quot;  VERBOSE=1 clean"/>
				</MakeCommands>
			</Target>
			<Target title="ccn-lite-pktdump/fast">
				<Option output="/home/johannes/MA-Ali/ccn-lite/src/bin/ccn-lite-pktdump" prefix_auto="0" extension_auto="0"/>
				<Option working_dir="/home/johannes/MA-Ali/ccn-lite/src/ccnl-utils/../bin"/>
				<Option object_output="./"/>
				<Option type="1"/>
				<Option compiler="gcc"/>
				<Compiler>
					<Add option="-DUSE_DEBUG"/>
					<Add option="-DUSE_LOGGING"/>
					<Add option="-DUSE_DUP_CHECK"/>
					<Add option="-DUSE_HMAC256"/>
					<Add option="-DUSE_STATS"/>
					<Add option="-DNEEDS_PACKET_CRAFTING"/>
					<Add option="-DNEEDS_PREFIX_MATCHING"/>
					<Add option="-DUSE_LINKLAYER"/>
					<Add option="-DUSE_CCNxDIGEST"/>
					<Add option="-DUSE_MGMT"/>
					<Add option="-DUSE_UNIXSOCKET"/>
					<Add option="-DUSE_IPV4"/>
					<Add option="-DUSE_IPV6"/>
					<Add option="-DUSE_DEBUG_MALLOC"/>
					<Add option="-DUSE_HTTP_STATUS"/>
					<Add option="-DCCNL_UNIX"/>
					<Add option="-DUSE_SUITE_NDNTLV"/>
					<Add option="-DUSE_SUITE_CCNB"/>
					<Add option="-DUSE_SUITE_CCNTLV"/>
					<Add option="-DUSE_SUITE_LOCALRPC"/>
					<Add option="-DUSE_NFN"/>
					<Add option="-DUSE_NFN_REQUESTS"/>
					<Add directory="/home/johannes/MA-Ali/ccn-lite/src/ccnl-utils/include"/>
					<Add directory="/home/johannes/MA-Ali/ccn-lite/src/ccnl-utils/../ccnl-pkt/include"/>
					<Add directory="/home/johannes/MA-Ali/ccn-lite/src/ccnl-utils/../ccnl-fwd/include"/>
					<Add directory="/home/johannes/MA-Ali/ccn-lite/src/ccnl-utils/../ccnl-core/include"/>
					<Add directory="/home/johannes/MA-Ali/ccn-lite/src/ccnl-utils/../ccnl-unix/include"/>
					<Add directory="/home/johannes/MA-Ali/ccn-lite/src/ccnl-utils/../ccnl-nfn/include"/>
				</Compiler>
				<MakeCommands>
					<Build command="/usr/bin/make -f &quot;/home/johannes/MA-Ali/ccn-lite/src/ccnl-utils/Makefile&quot;  VERBOSE=1 ccn-lite-pktdump/fast"/>
					<CompileFile command="/usr/bin/make -f &quot;/home/johannes/MA-Ali/ccn-lite/src/ccnl-utils/Makefile&quot;  VERBOSE=1 &quot;$file&quot;"/>
					<Clean command="/usr/bin/make -f &quot;/home/johannes/MA-Ali/ccn-lite/src/ccnl-utils/Makefile&quot;  VERBOSE=1 clean"/>
					<DistClean command="/usr/bin/make -f &quot;/home/johannes/MA-Ali/ccn-lite/src/ccnl-utils/Makefile&quot;  VERBOSE=1 clean"/>
				</MakeCommands>
			</Target>
			<Target title="ccn-lite-simplenfn">
				<Option output="/home/johannes/MA-Ali/ccn-lite/src/bin/ccn-lite-simplenfn" prefix_auto="0" extension_auto="0"/>
				<Option working_dir="/home/johannes/MA-Ali/ccn-lite/src/ccnl-utils/../bin"/>
				<Option object_output="./"/>
				<Option type="1"/>
				<Option compiler="gcc"/>
				<Compiler>
					<Add option="-DUSE_DEBUG"/>
					<Add option="-DUSE_LOGGING"/>
					<Add option="-DUSE_DUP_CHECK"/>
					<Add option="-DUSE_HMAC256"/>
					<Add option="-DUSE_STATS"/>
					<Add option="-DNEEDS_PACKET_CRAFTING"/>
					<Add option="-DNEEDS_PREFIX_MATCHING"/>
					<Add option="-DUSE_LINKLAYER"/>
					<Add option="-DUSE_CCNxDIGEST"/>
					<Add option="-DUSE_MGMT"/>
					<Add option="-DUSE_UNIXSOCKET"/>
					<Add option="-DUSE_IPV4"/>
					<Add option="-DUSE_IPV6"/>
					<Add option="-DUSE_DEBUG_MALLOC"/>
					<Add option="-DUSE_HTTP_STATUS"/>
					<Add option="-DCCNL_UNIX"/>
					<Add option="-DUSE_SUITE_NDNTLV"/>
					<Add option="-DUSE_SUITE_CCNB"/>
					<Add option="-DUSE_SUITE_CCNTLV"/>
					<Add option="-DUSE_SUITE_LOCALRPC"/>
					<Add option="-DUSE_NFN"/>
					<Add option="-DUSE_NFN_REQUESTS"/>
					<Add directory="/home/johannes/MA-Ali/ccn-lite/src/ccnl-utils/include"/>
					<Add directory="/home/johannes/MA-Ali/ccn-lite/src/ccnl-utils/../ccnl-pkt/include"/>
					<Add directory="/home/johannes/MA-Ali/ccn-lite/src/ccnl-utils/../ccnl-fwd/include"/>
					<Add directory="/home/johannes/MA-Ali/ccn-lite/src/ccnl-utils/../ccnl-core/include"/>
					<Add directory="/home/johannes/MA-Ali/ccn-lite/src/ccnl-utils/../ccnl-unix/include"/>
					<Add directory="/home/johannes/MA-Ali/ccn-lite/src/ccnl-utils/../ccnl-nfn/include"/>
				</Compiler>
				<MakeCommands>
					<Build command="/usr/bin/make -f &quot;/home/johannes/MA-Ali/ccn-lite/src/ccnl-utils/Makefile&quot;  VERBOSE=1 ccn-lite-simplenfn"/>
					<CompileFile command="/usr/bin/make -f &quot;/home/johannes/MA-Ali/ccn-lite/src/ccnl-utils/Makefile&quot;  VERBOSE=1 &quot;$file&quot;"/>
					<Clean command="/usr/bin/make -f &quot;/home/johannes/MA-Ali/ccn-lite/src/ccnl-utils/Makefile&quot;  VERBOSE=1 clean"/>
					<DistClean command="/usr/bin/make -f &quot;/home/johannes/MA-Ali/ccn-lite/src/ccnl-utils/Makefile&quot;  VERBOSE=1 clean"/>
				</MakeCommands>
			</Target>
			<Target title="ccn-lite-simplenfn/fast">
				<Option output="/home/johannes/MA-Ali/ccn-lite/src/bin/ccn-lite-simplenfn" prefix_auto="0" extension_auto="0"/>
				<Option working_dir="/home/johannes/MA-Ali/ccn-lite/src/ccnl-utils/../bin"/>
				<Option object_output="./"/>
				<Option type="1"/>
				<Option compiler="gcc"/>
				<Compiler>
					<Add option="-DUSE_DEBUG"/>
					<Add option="-DUSE_LOGGING"/>
					<Add option="-DUSE_DUP_CHECK"/>
					<Add option="-DUSE_HMAC256"/>
					<Add option="-DUSE_STATS"/>
					<Add option="-DNEEDS_PACKET_CRAFTING"/>
					<Add option="-DNEEDS_PREFIX_MATCHING"/>
					<Add option="-DUSE_LINKLAYER"/>
					<Add option="-DUSE_CCNxDIGEST"/>
					<Add option="-DUSE_MGMT"/>
					<Add option="-DUSE_UNIXSOCKET"/>
					<Add option="-DUSE_IPV4"/>
					<Add option="-DUSE_IPV6"/>
					<Add option="-DUSE_DEBUG_MALLOC"/>
					<Add option="-DUSE_HTTP_STATUS"/>
					<Add option="-DCCNL_UNIX"/>
					<Add option="-DUSE_SUITE_NDNTLV"/>
					<Add option="-DUSE_SUITE_CCNB"/>
					<Add option="-DUSE_SUITE_CCNTLV"/>
					<Add option="-DUSE_SUITE_LOCALRPC"/>
					<Add option="-DUSE_NFN"/>
					<Add option="-DUSE_NFN_REQUESTS"/>
					<Add directory="/home/johannes/MA-Ali/ccn-lite/src/ccnl-utils/include"/>
					<Add directory="/home/johannes/MA-Ali/ccn-lite/src/ccnl-utils/../ccnl-pkt/include"/>
					<Add directory="/home/johannes/MA-Ali/ccn-lite/src/ccnl-utils/../ccnl-fwd/include"/>
					<Add directory="/home/johannes/MA-Ali/ccn-lite/src/ccnl-utils/../ccnl-core/include"/>
					<Add directory="/home/johannes/MA-Ali/ccn-lite/src/ccnl-utils/../ccnl-unix/include"/>
					<Add directory="/home/johannes/MA-Ali/ccn-lite/src/ccnl-utils/../ccnl-nfn/include"/>
				</Compiler>
				<MakeCommands>
					<Build command="/usr/bin/make -f &quot;/home/johannes/MA-Ali/ccn-lite/src/ccnl-utils/Makefile&quot;  VERBOSE=1 ccn-lite-simplenfn/fast"/>
					<CompileFile command="/usr/bin/make -f &quot;/home/johannes/MA-Ali/ccn-lite/src/ccnl-utils/Makefile&quot;  VERBOSE=1 &quot;$file&quot;"/>
					<Clean command="/usr/bin/make -f &quot;/home/johannes/MA-Ali/ccn-lite/src/ccnl-utils/Makefile&quot;  VERBOSE=1 clean"/>
					<DistClean command="/usr/bin/make -f &quot;/home/johannes/MA-Ali/ccn-lite/src/ccnl-utils/Makefile&quot;  VERBOSE=1 clean"/>
				</MakeCommands>
			</Target>
			<Target title="ccn-lite-valid">
				<Option output="/home/johannes/MA-Ali/ccn-lite/src/bin/ccn-lite-valid" prefix_auto="0" extension_auto="0"/>
				<Option working_dir="/home/johannes/MA-Ali/ccn-lite/src/ccnl-utils/../bin"/>
				<Option object_output="./"/>
				<Option type="1"/>
				<Option compiler="gcc"/>
				<Compiler>
					<Add option="-DUSE_DEBUG"/>
					<Add option="-DUSE_LOGGING"/>
					<Add option="-DUSE_DUP_CHECK"/>
					<Add option="-DUSE_HMAC256"/>
					<Add option="-DUSE_STATS"/>
					<Add option="-DNEEDS_PACKET_CRAFTING"/>
					<Add option="-DNEEDS_PREFIX_MATCHING"/>
					<Add option="-DUSE_LINKLAYER"/>
					<Add option="-DUSE_CCNxDIGEST"/>
					<Add option="-DUSE_MGMT"/>
					<Add option="-DUSE_UNIXSOCKET"/>
					<Add option="-DUSE_IPV4"/>
					<Add option="-DUSE_IPV6"/>
					<Add option="-DUSE_DEBUG_MALLOC"/>
					<Add option="-DUSE_HTTP_STATUS"/>
					<Add option="-DCCNL_UNIX"/>
					<Add option="-DUSE_SUITE_NDNTLV"/>
					<Add option="-DUSE_SUITE_CCNB"/>
					<Add option="-DUSE_SUITE_CCNTLV"/>
					<Add option="-DUSE_SUITE_LOCALRPC"/>
					<Add option="-DUSE_NFN"/>
					<Add option="-DUSE_NFN_REQUESTS"/>
					<Add directory="/home/johannes/MA-Ali/ccn-lite/src/ccnl-utils/include"/>
					<Add directory="/home/johannes/MA-Ali/ccn-lite/src/ccnl-utils/../ccnl-pkt/include"/>
					<Add directory="/home/johannes/MA-Ali/ccn-lite/src/ccnl-utils/../ccnl-fwd/include"/>
					<Add directory="/home/johannes/MA-Ali/ccn-lite/src/ccnl-utils/../ccnl-core/include"/>
					<Add directory="/home/johannes/MA-Ali/ccn-lite/src/ccnl-utils/../ccnl-unix/include"/>
					<Add directory="/home/johannes/MA-Ali/ccn-lite/src/ccnl-utils/../ccnl-nfn/include"/>
				</Compiler>
				<MakeCommands>
					<Build command="/usr/bin/make -f &quot;/home/johannes/MA-Ali/ccn-lite/src/ccnl-utils/Makefile&quot;  VERBOSE=1 ccn-lite-valid"/>
					<CompileFile command="/usr/bin/make -f &quot;/home/johannes/MA-Ali/ccn-lite/src/ccnl-utils/Makefile&quot;  VERBOSE=1 &quot;$file&quot;"/>
					<Clean command="/usr/bin/make -f &quot;/home/johannes/MA-Ali/ccn-lite/src/ccnl-utils/Makefile&quot;  VERBOSE=1 clean"/>
					<DistClean command="/usr/bin/make -f &quot;/home/johannes/MA-Ali/ccn-lite/src/ccnl-utils/Makefile&quot;  VERBOSE=1 clean"/>
				</MakeCommands>
			</Target>
			<Target title="ccn-lite-valid/fast">
				<Option output="/home/johannes/MA-Ali/ccn-lite/src/bin/ccn-lite-valid" prefix_auto="0" extension_auto="0"/>
				<Option working_dir="/home/johannes/MA-Ali/ccn-lite/src/ccnl-utils/../bin"/>
				<Option object_output="./"/>
				<Option type="1"/>
				<Option compiler="gcc"/>
				<Compiler>
					<Add option="-DUSE_DEBUG"/>
					<Add option="-DUSE_LOGGING"/>
					<Add option="-DUSE_DUP_CHECK"/>
					<Add option="-DUSE_HMAC256"/>
					<Add option="-DUSE_STATS"/>
					<Add option="-DNEEDS_PACKET_CRAFTING"/>
					<Add option="-DNEEDS_PREFIX_MATCHING"/>
					<Add option="-DUSE_LINKLAYER"/>
					<Add option="-DUSE_CCNxDIGEST"/>
					<Add option="-DUSE_MGMT"/>
					<Add option="-DUSE_UNIXSOCKET"/>
					<Add option="-DUSE_IPV4"/>
					<Add option="-DUSE_IPV6"/>
					<Add option="-DUSE_DEBUG_MALLOC"/>
					<Add option="-DUSE_HTTP_STATUS"/>
					<Add option="-DCCNL_UNIX"/>
					<Add option="-DUSE_SUITE_NDNTLV"/>
					<Add option="-DUSE_SUITE_CCNB"/>
					<Add option="-DUSE_SUITE_CCNTLV"/>
					<Add option="-DUSE_SUITE_LOCALRPC"/>
					<Add option="-DUSE_NFN"/>
					<Add option="-DUSE_NFN_REQUESTS"/>
					<Add directory="/home/johannes/MA-Ali/ccn-lite/src/ccnl-utils/include"/>
					<Add directory="/home/johannes/MA-Ali/ccn-lite/src/ccnl-utils/../ccnl-pkt/include"/>
					<Add directory="/home/johannes/MA-Ali/ccn-lite/src/ccnl-utils/../ccnl-fwd/include"/>
					<Add directory="/home/johannes/MA-Ali/ccn-lite/src/ccnl-utils/../ccnl-core/include"/>
					<Add directory="/home/johannes/MA-Ali/ccn-lite/src/ccnl-utils/../ccnl-unix/include"/>
					<Add directory="/home/johannes/MA-Ali/ccn-lite/src/ccnl-utils/../ccnl-nfn/include"/>
				</Compiler>
				<MakeCommands>
					<Build command="/usr/bin/make -f &quot;/home/johannes/MA-Ali/ccn-lite/src/ccnl-utils/Makefile&quot;  VERBOSE=1 ccn-lite-valid/fast"/>
					<CompileFile command="/usr/bin/make -f &quot;/home/johannes/MA-Ali/ccn-lite/src/ccnl-utils/Makefile&quot;  VERBOSE=1 &quot;$file&quot;"/>
					<Clean command="/usr/bin/make -f &quot;/home/johannes/MA-Ali/ccn-lite/src/ccnl-utils/Makefile&quot;  VERBOSE=1 clean"/>
					<DistClean command="/usr/bin/make -f &quot;/home/johannes/MA-Ali/ccn-lite/src/ccnl-utils/Makefile&quot;  VERBOSE=1 clean"/>
				</MakeCommands>
			</Target>
		</Build>
		<Unit filename="/home/johannes/MA-Ali/ccn-lite/src/ccnl-utils/src/base64.c">
			<Option target="common"/>
		</Unit>
		<Unit filename="/home/johannes/MA-Ali/ccn-lite/src/ccnl-utils/src/ccn-lite-ccnb2xml.c">
			<Option target="ccn-lite-ccnb2xml"/>
		</Unit>
		<Unit filename="/home/johannes/MA-Ali/ccn-lite/src/ccnl-utils/src/ccn-lite-cryptoserver.c">
			<Option target="ccn-lite-cryptoserver"/>
		</Unit>
		<Unit filename="/home/johannes/MA-Ali/ccn-lite/src/ccnl-utils/src/ccn-lite-ctrl.c">
			<Option target="ccn-lite-ctrl"/>
		</Unit>
		<Unit filename="/home/johannes/MA-Ali/ccn-lite/src/ccnl-utils/src/ccn-lite-fetch.c">
			<Option target="ccn-lite-fetch"/>
		</Unit>
		<Unit filename="/home/johannes/MA-Ali/ccn-lite/src/ccnl-utils/src/ccn-lite-mkC.c">
			<Option target="ccn-lite-mkC"/>
		</Unit>
		<Unit filename="/home/johannes/MA-Ali/ccn-lite/src/ccnl-utils/src/ccn-lite-mkI.c">
			<Option target="ccn-lite-mkI"/>
		</Unit>
		<Unit filename="/home/johannes/MA-Ali/ccn-lite/src/ccnl-utils/src/ccn-lite-peek.c">
			<Option target="ccn-lite-peek"/>
		</Unit>
		<Unit filename="/home/johannes/MA-Ali/ccn-lite/src/ccnl-utils/src/ccn-lite-pktdump.c">
			<Option target="ccn-lite-pktdump"/>
		</Unit>
		<Unit filename="/home/johannes/MA-Ali/ccn-lite/src/ccnl-utils/src/ccn-lite-produce.c">
			<Option target="ccn-lite-produce"/>
		</Unit>
		<Unit filename="/home/johannes/MA-Ali/ccn-lite/src/ccnl-utils/src/ccn-lite-rpc.c">
			<Option target="ccn-lite-rpc"/>
		</Unit>
		<Unit filename="/home/johannes/MA-Ali/ccn-lite/src/ccnl-utils/src/ccn-lite-simplenfn.c">
			<Option target="ccn-lite-simplenfn"/>
		</Unit>
		<Unit filename="/home/johannes/MA-Ali/ccn-lite/src/ccnl-utils/src/ccn-lite-valid.c">
			<Option target="ccn-lite-valid"/>
		</Unit>
		<Unit filename="/home/johannes/MA-Ali/ccn-lite/src/ccnl-utils/src/ccnl-common.c">
			<Option target="common"/>
		</Unit>
		<Unit filename="/home/johannes/MA-Ali/ccn-lite/src/ccnl-utils/src/ccnl-crypto.c">
			<Option target="ccnl-crypto"/>
		</Unit>
		<Unit filename="/home/johannes/MA-Ali/ccn-lite/src/ccnl-utils/src/ccnl-ext-hmac.c">
			<Option target="ccnl-crypto"/>
		</Unit>
		<Unit filename="/home/johannes/MA-Ali/ccn-lite/src/ccnl-utils/src/ccnl-socket.c">
			<Option target="common"/>
		</Unit>
		<Unit filename="/home/johannes/MA-Ali/ccn-lite/src/ccnl-utils/src/lib-sha256.c">
			<Option target="ccnl-crypto"/>
		</Unit>
		<Unit filename="/home/johannes/MA-Ali/ccn-lite/src/CMakeLists.txt">
			<Option virtualFolder="CMake Files\"/>
		</Unit>
		<Unit filename="/home/johannes/MA-Ali/ccn-lite/src/ccnl-core/CMakeLists.txt">
			<Option virtualFolder="CMake Files\ccnl-core\"/>
		</Unit>
		<Unit filename="/home/johannes/MA-Ali/ccn-lite/src/ccnl-pkt/CMakeLists.txt">
			<Option virtualFolder="CMake Files\ccnl-pkt\"/>
		</Unit>
		<Unit filename="/home/johannes/MA-Ali/ccn-lite/src/ccnl-fwd/CMakeLists.txt">
			<Option virtualFolder="CMake Files\ccnl-fwd\"/>
		</Unit>
		<Unit filename="/home/johannes/MA-Ali/ccn-lite/src/ccnl-unix/CMakeLists.txt">
			<Option virtualFolder="CMake Files\ccnl-unix\"/>
		</Unit>
		<Unit filename="/home/johannes/MA-Ali/ccn-lite/src/ccnl-relay/CMakeLists.txt">
			<Option virtualFolder="CMake Files\ccnl-relay\"/>
		</Unit>
		<Unit filename="/home/johannes/MA-Ali/ccn-lite/src/ccnl-utils/CMakeLists.txt">
			<Option virtualFolder="CMake Files\ccnl-utils\"/>
		</Unit>
		<Unit filename="/home/johannes/MA-Ali/ccn-lite/src/ccnl-nfn/CMakeLists.txt">
			<Option virtualFolder="CMake Files\ccnl-nfn\"/>
		</Unit>
	</Project>
</CodeBlocks_project_file>
